// !$*UTF8*$!
{
	archiveVersion = 1;
	classes = {
	};
	objectVersion = 46;
	objects = {

/* Begin PBXBuildFile section */
		176F2F8B1EF5B33A007E7A14 /* AppDelegate.swift in Sources */ = {isa = PBXBuildFile; fileRef = 176F2F8A1EF5B33A007E7A14 /* AppDelegate.swift */; };
		176F2F8D1EF5B33A007E7A14 /* ViewController.swift in Sources */ = {isa = PBXBuildFile; fileRef = 176F2F8C1EF5B33A007E7A14 /* ViewController.swift */; };
		176F2F901EF5B33A007E7A14 /* Main.storyboard in Resources */ = {isa = PBXBuildFile; fileRef = 176F2F8E1EF5B33A007E7A14 /* Main.storyboard */; };
		176F2F921EF5B33A007E7A14 /* Assets.xcassets in Resources */ = {isa = PBXBuildFile; fileRef = 176F2F911EF5B33A007E7A14 /* Assets.xcassets */; };
		176F2F951EF5B33A007E7A14 /* LaunchScreen.storyboard in Resources */ = {isa = PBXBuildFile; fileRef = 176F2F931EF5B33A007E7A14 /* LaunchScreen.storyboard */; };
/* End PBXBuildFile section */

/* Begin PBXFileReference section */
		176F2F871EF5B339007E7A14 /* PokemonDeck.app */ = {isa = PBXFileReference; explicitFileType = wrapper.application; includeInIndex = 0; path = PokemonDeck.app; sourceTree = BUILT_PRODUCTS_DIR; };
		176F2F8A1EF5B33A007E7A14 /* AppDelegate.swift */ = {isa = PBXFileReference; lastKnownFileType = sourcecode.swift; path = AppDelegate.swift; sourceTree = "<group>"; };
		176F2F8C1EF5B33A007E7A14 /* ViewController.swift */ = {isa = PBXFileReference; lastKnownFileType = sourcecode.swift; path = ViewController.swift; sourceTree = "<group>"; };
		176F2F8F1EF5B33A007E7A14 /* Base */ = {isa = PBXFileReference; lastKnownFileType = file.storyboard; name = Base; path = Base.lproj/Main.storyboard; sourceTree = "<group>"; };
		176F2F911EF5B33A007E7A14 /* Assets.xcassets */ = {isa = PBXFileReference; lastKnownFileType = folder.assetcatalog; path = Assets.xcassets; sourceTree = "<group>"; };
		176F2F941EF5B33A007E7A14 /* Base */ = {isa = PBXFileReference; lastKnownFileType = file.storyboard; name = Base; path = Base.lproj/LaunchScreen.storyboard; sourceTree = "<group>"; };
		176F2F961EF5B33A007E7A14 /* Info.plist */ = {isa = PBXFileReference; lastKnownFileType = text.plist.xml; path = Info.plist; sourceTree = "<group>"; };
/* End PBXFileReference section */

/* Begin PBXFrameworksBuildPhase section */
		176F2F841EF5B339007E7A14 /* Frameworks */ = {
			isa = PBXFrameworksBuildPhase;
			buildActionMask = 2147483647;
			files = (
			);
			runOnlyForDeploymentPostprocessing = 0;
		};
/* End PBXFrameworksBuildPhase section */

/* Begin PBXGroup section */
		176F2F7E1EF5B339007E7A14 = {
			isa = PBXGroup;
			children = (
				176F2F891EF5B339007E7A14 /* PokemonDeck */,
				176F2F881EF5B339007E7A14 /* Products */,
			);
			sourceTree = "<group>";
		};
		176F2F881EF5B339007E7A14 /* Products */ = {
			isa = PBXGroup;
			children = (
				176F2F871EF5B339007E7A14 /* PokemonDeck.app */,
			);
			name = Products;
			sourceTree = "<group>";
		};
		176F2F891EF5B339007E7A14 /* PokemonDeck */ = {
			isa = PBXGroup;
			children = (
				176F2F8A1EF5B33A007E7A14 /* AppDelegate.swift */,
				176F2F8C1EF5B33A007E7A14 /* ViewController.swift */,
				176F2F8E1EF5B33A007E7A14 /* Main.storyboard */,
				176F2F911EF5B33A007E7A14 /* Assets.xcassets */,
				176F2F931EF5B33A007E7A14 /* LaunchScreen.storyboard */,
				176F2F961EF5B33A007E7A14 /* Info.plist */,
			);
			path = PokemonDeck;
			sourceTree = "<group>";
		};
/* End PBXGroup section */

/* Begin PBXNativeTarget section */
		176F2F861EF5B339007E7A14 /* PokemonDeck */ = {
			isa = PBXNativeTarget;
			buildConfigurationList = 176F2F991EF5B33A007E7A14 /* Build configuration list for PBXNativeTarget "PokemonDeck" */;
			buildPhases = (
				176F2F831EF5B339007E7A14 /* Sources */,
				176F2F841EF5B339007E7A14 /* Frameworks */,
				176F2F851EF5B339007E7A14 /* Resources */,
			);
			buildRules = (
			);
			dependencies = (
			);
			name = PokemonDeck;
			productName = PokemonDeck;
			productReference = 176F2F871EF5B339007E7A14 /* PokemonDeck.app */;
			productType = "com.apple.product-type.application";
		};
/* End PBXNativeTarget section */

/* Begin PBXProject section */
		176F2F7F1EF5B339007E7A14 /* Project object */ = {
			isa = PBXProject;
			attributes = {
				LastSwiftUpdateCheck = 0830;
				LastUpgradeCheck = 0830;
				ORGANIZATIONNAME = Chandan;
				TargetAttributes = {
					176F2F861EF5B339007E7A14 = {
						CreatedOnToolsVersion = 8.3.3;
						ProvisioningStyle = Automatic;
					};
				};
			};
			buildConfigurationList = 176F2F821EF5B339007E7A14 /* Build configuration list for PBXProject "PokemonDeck" */;
			compatibilityVersion = "Xcode 3.2";
			developmentRegion = English;
			hasScannedForEncodings = 0;
			knownRegions = (
				en,
				Base,
			);
			mainGroup = 176F2F7E1EF5B339007E7A14;
			productRefGroup = 176F2F881EF5B339007E7A14 /* Products */;
			projectDirPath = "";
			projectRoot = "";
			targets = (
				176F2F861EF5B339007E7A14 /* PokemonDeck */,
			);
		};
/* End PBXProject section */

/* Begin PBXResourcesBuildPhase section */
		176F2F851EF5B339007E7A14 /* Resources */ = {
			isa = PBXResourcesBuildPhase;
			buildActionMask = 2147483647;
			files = (
				176F2F951EF5B33A007E7A14 /* LaunchScreen.storyboard in Resources */,
				176F2F921EF5B33A007E7A14 /* Assets.xcassets in Resources */,
				176F2F901EF5B33A007E7A14 /* Main.storyboard in Resources */,
			);
			runOnlyForDeploymentPostprocessing = 0;
		};
/* End PBXResourcesBuildPhase section */

/* Begin PBXSourcesBuildPhase section */
		176F2F831EF5B339007E7A14 /* Sources */ = {
			isa = PBXSourcesBuildPhase;
			buildActionMask = 2147483647;
			files = (
				176F2F8D1EF5B33A007E7A14 /* ViewController.swift in Sources */,
				176F2F8B1EF5B33A007E7A14 /* AppDelegate.swift in Sources */,
			);
			runOnlyForDeploymentPostprocessing = 0;
		};
/* End PBXSourcesBuildPhase section */

/* Begin PBXVariantGroup section */
		176F2F8E1EF5B33A007E7A14 /* Main.storyboard */ = {
			isa = PBXVariantGroup;
			children = (
				176F2F8F1EF5B33A007E7A14 /* Base */,
			);
			name = Main.storyboard;
			sourceTree = "<group>";
		};
		176F2F931EF5B33A007E7A14 /* LaunchScreen.storyboard */ = {
			isa = PBXVariantGroup;
			children = (
				176F2F941EF5B33A007E7A14 /* Base */,
			);
			name = LaunchScreen.storyboard;
			sourceTree = "<group>";
		};
/* End PBXVariantGroup section */

/* Begin XCBuildConfiguration section */
		176F2F971EF5B33A007E7A14 /* Debug */ = {
			isa = XCBuildConfiguration;
			buildSettings = {
				ALWAYS_SEARCH_USER_PATHS = NO;
				CLANG_ANALYZER_NONNULL = YES;
				CLANG_ANALYZER_NUMBER_OBJECT_CONVERSION = YES_AGGRESSIVE;
				CLANG_CXX_LANGUAGE_STANDARD = "gnu++0x";
				CLANG_CXX_LIBRARY = "libc++";
				CLANG_ENABLE_MODULES = YES;
				CLANG_ENABLE_OBJC_ARC = YES;
				CLANG_WARN_BOOL_CONVERSION = YES;
				CLANG_WARN_CONSTANT_CONVERSION = YES;
				CLANG_WARN_DIRECT_OBJC_ISA_USAGE = YES_ERROR;
				CLANG_WARN_DOCUMENTATION_COMMENTS = YES;
				CLANG_WARN_EMPTY_BODY = YES;
				CLANG_WARN_ENUM_CONVERSION = YES;
				CLANG_WARN_INFINITE_RECURSION = YES;
				CLANG_WARN_INT_CONVERSION = YES;
				CLANG_WARN_OBJC_ROOT_CLASS = YES_ERROR;
				CLANG_WARN_SUSPICIOUS_MOVE = YES;
				CLANG_WARN_UNREACHABLE_CODE = YES;
				CLANG_WARN__DUPLICATE_METHOD_MATCH = YES;
				"CODE_SIGN_IDENTITY[sdk=iphoneos*]" = "iPhone Developer";
				COPY_PHASE_STRIP = NO;
				DEBUG_INFORMATION_FORMAT = dwarf;
				ENABLE_STRICT_OBJC_MSGSEND = YES;
				ENABLE_TESTABILITY = YES;
				GCC_C_LANGUAGE_STANDARD = gnu99;
				GCC_DYNAMIC_NO_PIC = NO;
				GCC_NO_COMMON_BLOCKS = YES;
				GCC_OPTIMIZATION_LEVEL = 0;
				GCC_PREPROCESSOR_DEFINITIONS = (
					"DEBUG=1",
					"$(inherited)",
				);
				GCC_WARN_64_TO_32_BIT_CONVERSION = YES;
				GCC_WARN_ABOUT_RETURN_TYPE = YES_ERROR;
				GCC_WARN_UNDECLARED_SELECTOR = YES;
				GCC_WARN_UNINITIALIZED_AUTOS = YES_AGGRESSIVE;
				GCC_WARN_UNUSED_FUNCTION = YES;
				GCC_WARN_UNUSED_VARIABLE = YES;
				IPHONEOS_DEPLOYMENT_TARGET = 10.3;
				MTL_ENABLE_DEBUG_INFO = YES;
				ONLY_ACTIVE_ARCH = YES;
				SDKROOT = iphoneos;
				SWIFT_ACTIVE_COMPILATION_CONDITIONS = DEBUG;
				SWIFT_OPTIMIZATION_LEVEL = "-Onone";
				TARGETED_DEVICE_FAMILY = "1,2";
			};
			name = Debug;
		};
		176F2F981EF5B33A007E7A14 /* Release */ = {
			isa = XCBuildConfiguration;
			buildSettings = {
				ALWAYS_SEARCH_USER_PATHS = NO;
				CLANG_ANALYZER_NONNULL = YES;
				CLANG_ANALYZER_NUMBER_OBJECT_CONVERSION = YES_AGGRESSIVE;
				CLANG_CXX_LANGUAGE_STANDARD = "gnu++0x";
				CLANG_CXX_LIBRARY = "libc++";
				CLANG_ENABLE_MODULES = YES;
				CLANG_ENABLE_OBJC_ARC = YES;
				CLANG_WARN_BOOL_CONVERSION = YES;
				CLANG_WARN_CONSTANT_CONVERSION = YES;
				CLANG_WARN_DIRECT_OBJC_ISA_USAGE = YES_ERROR;
				CLANG_WARN_DOCUMENTATION_COMMENTS = YES;
				CLANG_WARN_EMPTY_BODY = YES;
				CLANG_WARN_ENUM_CONVERSION = YES;
				CLANG_WARN_INFINITE_RECURSION = YES;
				CLANG_WARN_INT_CONVERSION = YES;
				CLANG_WARN_OBJC_ROOT_CLASS = YES_ERROR;
				CLANG_WARN_SUSPICIOUS_MOVE = YES;
				CLANG_WARN_UNREACHABLE_CODE = YES;
				CLANG_WARN__DUPLICATE_METHOD_MATCH = YES;
				"CODE_SIGN_IDENTITY[sdk=iphoneos*]" = "iPhone Developer";
				COPY_PHASE_STRIP = NO;
				DEBUG_INFORMATION_FORMAT = "dwarf-with-dsym";
				ENABLE_NS_ASSERTIONS = NO;
				ENABLE_STRICT_OBJC_MSGSEND = YES;
				GCC_C_LANGUAGE_STANDARD = gnu99;
				GCC_NO_COMMON_BLOCKS = YES;
				GCC_WARN_64_TO_32_BIT_CONVERSION = YES;
				GCC_WARN_ABOUT_RETURN_TYPE = YES_ERROR;
				GCC_WARN_UNDECLARED_SELECTOR = YES;
				GCC_WARN_UNINITIALIZED_AUTOS = YES_AGGRESSIVE;
				GCC_WARN_UNUSED_FUNCTION = YES;
				GCC_WARN_UNUSED_VARIABLE = YES;
				IPHONEOS_DEPLOYMENT_TARGET = 10.3;
				MTL_ENABLE_DEBUG_INFO = NO;
				SDKROOT = iphoneos;
				SWIFT_OPTIMIZATION_LEVEL = "-Owholemodule";
				TARGETED_DEVICE_FAMILY = "1,2";
				VALIDATE_PRODUCT = YES;
			};
			name = Release;
		};
		176F2F9A1EF5B33A007E7A14 /* Debug */ = {
			isa = XCBuildConfiguration;
			buildSettings = {
				ASSETCATALOG_COMPILER_APPICON_NAME = AppIcon;
				INFOPLIST_FILE = PokemonDeck/Info.plist;
				LD_RUNPATH_SEARCH_PATHS = "$(inherited) @executable_path/Frameworks";
				PRODUCT_BUNDLE_IDENTIFIER = de.uniba.PokemonDeck;
				PRODUCT_NAME = "$(TARGET_NAME)";
				SWIFT_VERSION = 3.0;
			};
			name = Debug;
		};
		176F2F9B1EF5B33A007E7A14 /* Release */ = {
			isa = XCBuildConfiguration;
			buildSettings = {
				ASSETCATALOG_COMPILER_APPICON_NAME = AppIcon;
				INFOPLIST_FILE = PokemonDeck/Info.plist;
				LD_RUNPATH_SEARCH_PATHS = "$(inherited) @executable_path/Frameworks";
				PRODUCT_BUNDLE_IDENTIFIER = de.uniba.PokemonDeck;
				PRODUCT_NAME = "$(TARGET_NAME)";
				SWIFT_VERSION = 3.0;
			};
			name = Release;
		};
/* End XCBuildConfiguration section */

/* Begin XCConfigurationList section */
		176F2F821EF5B339007E7A14 /* Build configuration list for PBXProject "PokemonDeck" */ = {
			isa = XCConfigurationList;
			buildConfigurations = (
				176F2F971EF5B33A007E7A14 /* Debug */,
				176F2F981EF5B33A007E7A14 /* Release */,
			);
			defaultConfigurationIsVisible = 0;
			defaultConfigurationName = Release;
		};
		176F2F991EF5B33A007E7A14 /* Build configuration list for PBXNativeTarget "PokemonDeck" */ = {
			isa = XCConfigurationList;
			buildConfigurations = (
				176F2F9A1EF5B33A007E7A14 /* Debug */,
				176F2F9B1EF5B33A007E7A14 /* Release */,
			);
			defaultConfigurationIsVisible = 0;
		};
/* End XCConfigurationList section */
	};
	rootObject = 176F2F7F1EF5B339007E7A14 /* Project object */;
}
